<?xml version="1.0" encoding="utf-8"?>
<Project ToolsVersion="4.0" xmlns="http://schemas.microsoft.com/developer/msbuild/2003">
  <ItemGroup>
    <Filter Include="源文件">
      <UniqueIdentifier>{4FC737F1-C7A5-4376-A066-2A32D752A2FF}</UniqueIdentifier>
      <Extensions>cpp;c;cc;cxx;def;odl;idl;hpj;bat;asm;asmx</Extensions>
    </Filter>
    <Filter Include="头文件">
      <UniqueIdentifier>{93995380-89BD-4b04-88EB-625FBE52EBFB}</UniqueIdentifier>
      <Extensions>h;hh;hpp;hxx;hm;inl;inc;xsd</Extensions>
    </Filter>
    <Filter Include="资源文件">
      <UniqueIdentifier>{67DA6AB6-F800-4c08-8B7A-83BB121AAD01}</UniqueIdentifier>
      <Extensions>rc;ico;cur;bmp;dlg;rc2;rct;bin;rgs;gif;jpg;jpeg;jpe;resx;tiff;tif;png;wav;mfcribbon-ms</Extensions>
    </Filter>
    <Filter Include="源文件\Model">
      <UniqueIdentifier>{4d22cd63-a4ed-48f2-92ad-4ea6ae4e068c}</UniqueIdentifier>
    </Filter>
    <Filter Include="源文件\Presenter">
      <UniqueIdentifier>{1eec8875-a233-4811-91bb-cbf0316cf7d8}</UniqueIdentifier>
    </Filter>
    <Filter Include="源文件\View">
      <UniqueIdentifier>{c6250915-7909-4727-975f-4fe91856274e}</UniqueIdentifier>
    </Filter>
    <Filter Include="源文件\Preparation">
      <UniqueIdentifier>{16ec347e-a0da-4ac1-89ff-d6cc2d988cc2}</UniqueIdentifier>
    </Filter>
    <Filter Include="头文件\Model">
      <UniqueIdentifier>{ad12813b-5820-4125-b0cd-9c5e9c2dd50b}</UniqueIdentifier>
    </Filter>
    <Filter Include="源文件\Tools">
      <UniqueIdentifier>{cb96142e-4a5d-47a8-85df-260dd83cf7d1}</UniqueIdentifier>
    </Filter>
    <Filter Include="头文件\Tools">
      <UniqueIdentifier>{cd2b4253-8e34-496b-a97c-62ba36f5bb76}</UniqueIdentifier>
    </Filter>
    <Filter Include="头文件\Presenter">
      <UniqueIdentifier>{c30d95cb-aa48-49b1-9404-9cf932425af5}</UniqueIdentifier>
    </Filter>
    <Filter Include="源文件\View\Dialog">
      <UniqueIdentifier>{7a7afbaa-7845-456e-ab2d-7913a5eb5a4e}</UniqueIdentifier>
    </Filter>
    <Filter Include="头文件\View">
      <UniqueIdentifier>{cee66d08-0886-4f27-a8d1-a9e1e4d16e35}</UniqueIdentifier>
    </Filter>
  </ItemGroup>
  <ItemGroup>
    <Text Include="ReadMe.txt" />
  </ItemGroup>
  <ItemGroup>
    <ClInclude Include="stdafx.h">
      <Filter>头文件</Filter>
    </ClInclude>
    <ClInclude Include="targetver.h">
      <Filter>头文件</Filter>
    </ClInclude>
    <ClInclude Include="Resource.h">
      <Filter>头文件</Filter>
    </ClInclude>
    <ClInclude Include="SummerVacationProject.h">
      <Filter>头文件</Filter>
    </ClInclude>
    <ClInclude Include="BuildingData.h">
      <Filter>头文件\Model</Filter>
    </ClInclude>
    <ClInclude Include="ExpensesData.h">
      <Filter>头文件\Model</Filter>
    </ClInclude>
    <ClInclude Include="StudentData.h">
      <Filter>头文件\Model</Filter>
    </ClInclude>
    <ClInclude Include="Tools.h">
      <Filter>头文件\Tools</Filter>
    </ClInclude>
    <ClInclude Include="Save.h">
      <Filter>头文件\Presenter</Filter>
    </ClInclude>
    <ClInclude Include="load.h">
      <Filter>头文件\Presenter</Filter>
    </ClInclude>
    <ClInclude Include="FindBuildingData.h">
      <Filter>头文件\View</Filter>
    </ClInclude>
    <ClInclude Include="AboutBox.h">
      <Filter>头文件\View</Filter>
    </ClInclude>
    <ClInclude Include="CountArrearage.h">
      <Filter>头文件\View</Filter>
    </ClInclude>
    <ClInclude Include="CountDormitory.h">
      <Filter>头文件\View</Filter>
    </ClInclude>
    <ClInclude Include="CountGender.h">
      <Filter>头文件\View</Filter>
    </ClInclude>
    <ClInclude Include="CountIncome.h">
      <Filter>头文件\View</Filter>
    </ClInclude>
    <ClInclude Include="FindExpensesDataById.h">
      <Filter>头文件\View</Filter>
    </ClInclude>
    <ClInclude Include="FindExpensesDayaByClass.h">
      <Filter>头文件\View</Filter>
    </ClInclude>
    <ClInclude Include="FindStudentDataById.h">
      <Filter>头文件\View</Filter>
    </ClInclude>
    <ClInclude Include="FindStudentDataByName.h">
      <Filter>头文件\View</Filter>
    </ClInclude>
    <ClInclude Include="LookAtBuildingData.h">
      <Filter>头文件\View</Filter>
    </ClInclude>
    <ClInclude Include="LookAtExpensesData.h">
      <Filter>头文件\View</Filter>
    </ClInclude>
    <ClInclude Include="LookAtStudentData.h">
      <Filter>头文件\View</Filter>
    </ClInclude>
    <ClInclude Include="Query.h">
      <Filter>头文件\Presenter</Filter>
    </ClInclude>
    <ClInclude Include="FillList.h">
      <Filter>头文件\Presenter</Filter>
    </ClInclude>
    <ClInclude Include="InsertBuildingData.h">
      <Filter>头文件\View</Filter>
    </ClInclude>
    <ClInclude Include="InsertStudentData.h">
      <Filter>头文件\View</Filter>
    </ClInclude>
    <ClInclude Include="InsertExpensesData.h">
      <Filter>头文件\View</Filter>
    </ClInclude>
    <ClInclude Include="Delete.h">
      <Filter>头文件\Presenter</Filter>
    </ClInclude>
    <ClInclude Include="Select.h">
      <Filter>头文件\Presenter</Filter>
    </ClInclude>
    <ClInclude Include="EditBuildingData.h">
      <Filter>头文件\View</Filter>
    </ClInclude>
    <ClInclude Include="EditStudentData.h">
      <Filter>头文件\View</Filter>
    </ClInclude>
    <ClInclude Include="EditExpensesData.h">
      <Filter>头文件\View</Filter>
    </ClInclude>
    <ClInclude Include="Count.h">
      <Filter>头文件\Presenter</Filter>
    </ClInclude>
  </ItemGroup>
  <ItemGroup>
    <ClCompile Include="BuildingData.cpp">
      <Filter>源文件\Model</Filter>
    </ClCompile>
    <ClCompile Include="ExpensesData.cpp">
      <Filter>源文件\Model</Filter>
    </ClCompile>
    <ClCompile Include="StudentData.cpp">
      <Filter>源文件\Model</Filter>
    </ClCompile>
    <ClCompile Include="stdafx.cpp">
      <Filter>源文件\Preparation</Filter>
    </ClCompile>
    <ClCompile Include="SummerVacationProject.cpp">
      <Filter>源文件\View</Filter>
    </ClCompile>
    <ClCompile Include="Query.cpp">
      <Filter>源文件\Presenter</Filter>
    </ClCompile>
    <ClCompile Include="Load.cpp">
      <Filter>源文件\Presenter</Filter>
    </ClCompile>
    <ClCompile Include="Save.cpp">
      <Filter>源文件\Presenter</Filter>
    </ClCompile>
    <ClCompile Include="Tools.cpp">
      <Filter>源文件\Tools</Filter>
    </ClCompile>
    <ClCompile Include="FindBuildingData.cpp">
      <Filter>源文件\View\Dialog</Filter>
    </ClCompile>
    <ClCompile Include="FindExpensesDataByClass.cpp">
      <Filter>源文件\View\Dialog</Filter>
    </ClCompile>
    <ClCompile Include="FindStudentDataById.cpp">
      <Filter>源文件\View\Dialog</Filter>
    </ClCompile>
    <ClCompile Include="FindExpensesDataById.cpp">
      <Filter>源文件\View\Dialog</Filter>
    </ClCompile>
    <ClCompile Include="FindStudentDataByName.cpp">
      <Filter>源文件\View\Dialog</Filter>
    </ClCompile>
    <ClCompile Include="LookAtBuildingData.cpp">
      <Filter>源文件\View\Dialog</Filter>
    </ClCompile>
    <ClCompile Include="LookAtExpensesData.cpp">
      <Filter>源文件\View\Dialog</Filter>
    </ClCompile>
    <ClCompile Include="LookAtStudentData.cpp">
      <Filter>源文件\View\Dialog</Filter>
    </ClCompile>
    <ClCompile Include="CountArrearage.cpp">
      <Filter>源文件\View\Dialog</Filter>
    </ClCompile>
    <ClCompile Include="CountDormitory.cpp">
      <Filter>源文件\View\Dialog</Filter>
    </ClCompile>
    <ClCompile Include="CountGender.cpp">
      <Filter>源文件\View\Dialog</Filter>
    </ClCompile>
    <ClCompile Include="CountIncome.cpp">
      <Filter>源文件\View\Dialog</Filter>
    </ClCompile>
    <ClCompile Include="AboutBox.cpp">
      <Filter>源文件\View\Dialog</Filter>
    </ClCompile>
    <ClCompile Include="FillList.cpp">
      <Filter>源文件\Presenter</Filter>
    </ClCompile>
    <ClCompile Include="InsertBuildingData.cpp">
      <Filter>源文件\View\Dialog</Filter>
    </ClCompile>
    <ClCompile Include="InsertStudentData.cpp">
      <Filter>源文件\View\Dialog</Filter>
    </ClCompile>
    <ClCompile Include="InsertExpensesData.cpp">
      <Filter>源文件\View\Dialog</Filter>
    </ClCompile>
    <ClCompile Include="Delete.cpp">
      <Filter>源文件\Presenter</Filter>
    </ClCompile>
    <ClCompile Include="EditBuildingData.cpp">
      <Filter>源文件\View\Dialog</Filter>
    </ClCompile>
    <ClCompile Include="EditStudentData.cpp">
      <Filter>源文件\View\Dialog</Filter>
    </ClCompile>
    <ClCompile Include="EditExpensesData.cpp">
      <Filter>源文件\View\Dialog</Filter>
    </ClCompile>
    <ClCompile Include="Select.cpp">
      <Filter>源文件\Presenter</Filter>
    </ClCompile>
    <ClCompile Include="Count.cpp">
      <Filter>源文件\Presenter</Filter>
    </ClCompile>
  </ItemGroup>
  <ItemGroup>
    <ResourceCompile Include="SummerVacationProject.rc">
      <Filter>资源文件</Filter>
    </ResourceCompile>
  </ItemGroup>
  <ItemGroup>
    <Image Include="SummerVacationProject.ico">
      <Filter>资源文件</Filter>
    </Image>
    <Image Include="small.ico">
      <Filter>资源文件</Filter>
    </Image>
    <Image Include="background.bmp">
      <Filter>资源文件</Filter>
    </Image>
    <Image Include="icon1.ico">
      <Filter>资源文件</Filter>
    </Image>
  </ItemGroup>
</Project>